
Microsoft Visual Studio Solution File, Format Version 12.00
# Visual Studio Version 16
VisualStudioVersion = 16.0.30523.141
MinimumVisualStudioVersion = 10.0.40219.1
Project("{FAE04EC0-301F-11D3-BF4B-00C04F79EFBC}") = "NGTI-Calender", "NGTI-Calender\NGTI-Calender.csproj", "{DE80155E-5560-499E-AD9E-5DEEB38ACD53}"
EndProject
Global
	GlobalSection(SolutionConfigurationPlatforms) = preSolution
		Debug|Any CPU = Debug|Any CPU
		Release|Any CPU = Release|Any CPU
	EndGlobalSection
	GlobalSection(ProjectConfigurationPlatforms) = postSolution
		{DE80155E-5560-499E-AD9E-5DEEB38ACD53}.Debug|Any CPU.ActiveCfg = Debug|Any CPU
		{DE80155E-5560-499E-AD9E-5DEEB38ACD53}.Debug|Any CPU.Build.0 = Debug|Any CPU
		{DE80155E-5560-499E-AD9E-5DEEB38ACD53}.Release|Any CPU.ActiveCfg = Release|Any CPU
		{DE80155E-5560-499E-AD9E-5DEEB38ACD53}.Release|Any CPU.Build.0 = Release|Any CPU
	EndGlobalSection
	GlobalSection(SolutionProperties) = preSolution
		HideSolutionNode = FALSE
	EndGlobalSection
	GlobalSection(ExtensibilityGlobals) = postSolution
		SolutionGuid = {68F8E4EF-DCD2-4539-9583-A785F4178C15}
	EndGlobalSection
EndGlobal
